# This file was autogenerated by uv via the following command:
#    uv pip compile scripts/stage2_sources/requirements.txt --output-file scripts/stage2_sources/requirements.lock
certifi==2026.7.22
    # via requests
charset-normalizer==3.5.1
    # via requests
defusedxml==0.7.1
    # via praw
google-play-scraper==1.2.7
    # via -r scripts/stage2_sources/requirements.txt
idna==3.20
    # via requests
praw==8.0.3
    # via -r scripts/stage2_sources/requirements.txt
prawcore==4.0.0
    # via praw
requests==2.34.2
    # via prawcore
update-checker==1.0.0
    # via praw
urllib3==2.8.0
    # via requests
websocket-client==1.9.2
    # via praw
